
Microsoft Visual Studio Solution File, Format Version 12.00
# Visual Studio Version 16
VisualStudioVersion = 16.0.31515.178
MinimumVisualStudioVersion = 10.0.40219.1
Project("{FAE04EC0-301F-11D3-BF4B-00C04F79EFBC}") = "Method_Shadowing", "Method_Shadowing\Method_Shadowing.csproj", "{0FCF495C-4E73-442F-93C5-75A2B0DBF370}"
EndProject
Global
	GlobalSection(SolutionConfigurationPlatforms) = preSolution
		Debug|Any CPU = Debug|Any CPU
		Release|Any CPU = Release|Any CPU
	EndGlobalSection
	GlobalSection(ProjectConfigurationPlatforms) = postSolution
		{0FCF495C-4E73-442F-93C5-75A2B0DBF370}.Debug|Any CPU.ActiveCfg = Debug|Any CPU
		{0FCF495C-4E73-442F-93C5-75A2B0DBF370}.Debug|Any CPU.Build.0 = Debug|Any CPU
		{0FCF495C-4E73-442F-93C5-75A2B0DBF370}.Release|Any CPU.ActiveCfg = Release|Any CPU
		{0FCF495C-4E73-442F-93C5-75A2B0DBF370}.Release|Any CPU.Build.0 = Release|Any CPU
	EndGlobalSection
	GlobalSection(SolutionProperties) = preSolution
		HideSolutionNode = FALSE
	EndGlobalSection
	GlobalSection(ExtensibilityGlobals) = postSolution
		SolutionGuid = {2C6FEAA2-7466-423D-B08A-807698A6044B}
	EndGlobalSection
EndGlobal
